
Microsoft Visual Studio Solution File, Format Version 12.00
# Visual Studio Version 17
VisualStudioVersion = 17.9.34902.65
MinimumVisualStudioVersion = 10.0.40219.1
Project("{9A19103F-16F7-4668-BE54-9A1E7A4F7556}") = "Containervervoer", "Containervervoer\Containervervoer.csproj", "{1ACCF76C-BABD-42ED-BA1A-B9C94604FAA5}"
EndProject
Project("{FAE04EC0-301F-11D3-BF4B-00C04F79EFBC}") = "TestContainerVervoer", "TestContainerVervoer\TestContainerVervoer.csproj", "{27EF1BDC-0261-4BCE-8F65-508D10A73C21}"
EndProject
Global
	GlobalSection(SolutionConfigurationPlatforms) = preSolution
		Debug|Any CPU = Debug|Any CPU
		Release|Any CPU = Release|Any CPU
	EndGlobalSection
	GlobalSection(ProjectConfigurationPlatforms) = postSolution
		{1ACCF76C-BABD-42ED-BA1A-B9C94604FAA5}.Debug|Any CPU.ActiveCfg = Debug|Any CPU
		{1ACCF76C-BABD-42ED-BA1A-B9C94604FAA5}.Debug|Any CPU.Build.0 = Debug|Any CPU
		{1ACCF76C-BABD-42ED-BA1A-B9C94604FAA5}.Release|Any CPU.ActiveCfg = Release|Any CPU
		{1ACCF76C-BABD-42ED-BA1A-B9C94604FAA5}.Release|Any CPU.Build.0 = Release|Any CPU
		{27EF1BDC-0261-4BCE-8F65-508D10A73C21}.Debug|Any CPU.ActiveCfg = Debug|Any CPU
		{27EF1BDC-0261-4BCE-8F65-508D10A73C21}.Debug|Any CPU.Build.0 = Debug|Any CPU
		{27EF1BDC-0261-4BCE-8F65-508D10A73C21}.Release|Any CPU.ActiveCfg = Release|Any CPU
		{27EF1BDC-0261-4BCE-8F65-508D10A73C21}.Release|Any CPU.Build.0 = Release|Any CPU
	EndGlobalSection
	GlobalSection(SolutionProperties) = preSolution
		HideSolutionNode = FALSE
	EndGlobalSection
	GlobalSection(ExtensibilityGlobals) = postSolution
		SolutionGuid = {600AC6CB-C8CC-485A-A288-22FB1A7A43D3}
	EndGlobalSection
EndGlobal
